
Microsoft Visual Studio Solution File, Format Version 12.00
# Visual Studio Version 16
VisualStudioVersion = 16.0.29806.167
MinimumVisualStudioVersion = 10.0.40219.1
Project("{2150E333-8FDC-42A3-9474-1A3956D46DE8}") = "Framework", "Framework", "{CFC60ABA-7084-49F1-8B3D-34478A7AB5E5}"
EndProject
Project("{2150E333-8FDC-42A3-9474-1A3956D46DE8}") = "TopicSystem", "TopicSystem", "{193E8B42-726B-46B5-B664-EA674FFFC17A}"
EndProject
Project("{2150E333-8FDC-42A3-9474-1A3956D46DE8}") = "Domain", "Domain", "{4BD8902F-1796-4E93-A7D8-BAF1CA273EB8}"
EndProject
Project("{9A19103F-16F7-4668-BE54-9A1E7A4F7556}") = "Topic.Domain", "Topic.Domain\Topic.Domain.csproj", "{0315C22D-4A32-4D8A-A866-FE91C75C2730}"
EndProject
Project("{2150E333-8FDC-42A3-9474-1A3956D46DE8}") = "Application", "Application", "{1783EF10-DD29-451F-9791-E260D54976BF}"
EndProject
Project("{9A19103F-16F7-4668-BE54-9A1E7A4F7556}") = "Topic.Application", "Topic.Application\Topic.Application.csproj", "{4E40AB65-B51B-4454-8B2C-47DF17CA7568}"
EndProject
Project("{2150E333-8FDC-42A3-9474-1A3956D46DE8}") = "Infrastructure", "Infrastructure", "{D4C810EE-13C3-458A-AFAB-648FDAAF8A9B}"
EndProject
Project("{2150E333-8FDC-42A3-9474-1A3956D46DE8}") = "Presentation", "Presentation", "{BD8F296F-AB00-4436-980A-556270EDB807}"
EndProject
Project("{9A19103F-16F7-4668-BE54-9A1E7A4F7556}") = "Topic.Presentation", "Topic.Presentation\Topic.Presentation.csproj", "{24F9AEE7-90D7-45F1-9485-352601F3172B}"
EndProject
Project("{9A19103F-16F7-4668-BE54-9A1E7A4F7556}") = "Topic.Infrastructure.Persistence", "Topic.Infrastructure.Persistence\Topic.Infrastructure.Persistence.csproj", "{4025FDB1-1F29-43AC-BE13-81F42D020731}"
EndProject
Project("{9A19103F-16F7-4668-BE54-9A1E7A4F7556}") = "Topic.Infrastructure.Config", "Topic.Infrastructure.Config\Topic.Infrastructure.Config.csproj", "{75989232-4E39-43D8-8D70-9A596264051C}"
EndProject
Project("{9A19103F-16F7-4668-BE54-9A1E7A4F7556}") = "Topic.Application.Contracts", "Topic.Application.Contracts\Topic.Application.Contracts.csproj", "{CC49128D-623C-4FE1-893C-EDA0A9F64274}"
EndProject
Project("{9A19103F-16F7-4668-BE54-9A1E7A4F7556}") = "Framework.Application", "Framework.Application\Framework.Application.csproj", "{A77A4963-DD34-452D-9295-782141A6FC0B}"
EndProject
Project("{9A19103F-16F7-4668-BE54-9A1E7A4F7556}") = "Framework.Domain", "Framework.Domain\Framework.Domain.csproj", "{A30464FA-9F73-48B0-9F8F-564089B81F04}"
EndProject
Project("{FAE04EC0-301F-11D3-BF4B-00C04F79EFBC}") = "Framework.Core", "Framework.Core\Framework.Core.csproj", "{1EEBB4E6-6254-4918-B5EF-160615B6C6D2}"
EndProject
Global
	GlobalSection(SolutionConfigurationPlatforms) = preSolution
		Debug|Any CPU = Debug|Any CPU
		Release|Any CPU = Release|Any CPU
	EndGlobalSection
	GlobalSection(ProjectConfigurationPlatforms) = postSolution
		{0315C22D-4A32-4D8A-A866-FE91C75C2730}.Debug|Any CPU.ActiveCfg = Debug|Any CPU
		{0315C22D-4A32-4D8A-A866-FE91C75C2730}.Debug|Any CPU.Build.0 = Debug|Any CPU
		{0315C22D-4A32-4D8A-A866-FE91C75C2730}.Release|Any CPU.ActiveCfg = Release|Any CPU
		{0315C22D-4A32-4D8A-A866-FE91C75C2730}.Release|Any CPU.Build.0 = Release|Any CPU
		{4E40AB65-B51B-4454-8B2C-47DF17CA7568}.Debug|Any CPU.ActiveCfg = Debug|Any CPU
		{4E40AB65-B51B-4454-8B2C-47DF17CA7568}.Debug|Any CPU.Build.0 = Debug|Any CPU
		{4E40AB65-B51B-4454-8B2C-47DF17CA7568}.Release|Any CPU.ActiveCfg = Release|Any CPU
		{4E40AB65-B51B-4454-8B2C-47DF17CA7568}.Release|Any CPU.Build.0 = Release|Any CPU
		{24F9AEE7-90D7-45F1-9485-352601F3172B}.Debug|Any CPU.ActiveCfg = Debug|Any CPU
		{24F9AEE7-90D7-45F1-9485-352601F3172B}.Debug|Any CPU.Build.0 = Debug|Any CPU
		{24F9AEE7-90D7-45F1-9485-352601F3172B}.Release|Any CPU.ActiveCfg = Release|Any CPU
		{24F9AEE7-90D7-45F1-9485-352601F3172B}.Release|Any CPU.Build.0 = Release|Any CPU
		{4025FDB1-1F29-43AC-BE13-81F42D020731}.Debug|Any CPU.ActiveCfg = Debug|Any CPU
		{4025FDB1-1F29-43AC-BE13-81F42D020731}.Debug|Any CPU.Build.0 = Debug|Any CPU
		{4025FDB1-1F29-43AC-BE13-81F42D020731}.Release|Any CPU.ActiveCfg = Release|Any CPU
		{4025FDB1-1F29-43AC-BE13-81F42D020731}.Release|Any CPU.Build.0 = Release|Any CPU
		{75989232-4E39-43D8-8D70-9A596264051C}.Debug|Any CPU.ActiveCfg = Debug|Any CPU
		{75989232-4E39-43D8-8D70-9A596264051C}.Debug|Any CPU.Build.0 = Debug|Any CPU
		{75989232-4E39-43D8-8D70-9A596264051C}.Release|Any CPU.ActiveCfg = Release|Any CPU
		{75989232-4E39-43D8-8D70-9A596264051C}.Release|Any CPU.Build.0 = Release|Any CPU
		{CC49128D-623C-4FE1-893C-EDA0A9F64274}.Debug|Any CPU.ActiveCfg = Debug|Any CPU
		{CC49128D-623C-4FE1-893C-EDA0A9F64274}.Debug|Any CPU.Build.0 = Debug|Any CPU
		{CC49128D-623C-4FE1-893C-EDA0A9F64274}.Release|Any CPU.ActiveCfg = Release|Any CPU
		{CC49128D-623C-4FE1-893C-EDA0A9F64274}.Release|Any CPU.Build.0 = Release|Any CPU
		{A77A4963-DD34-452D-9295-782141A6FC0B}.Debug|Any CPU.ActiveCfg = Debug|Any CPU
		{A77A4963-DD34-452D-9295-782141A6FC0B}.Debug|Any CPU.Build.0 = Debug|Any CPU
		{A77A4963-DD34-452D-9295-782141A6FC0B}.Release|Any CPU.ActiveCfg = Release|Any CPU
		{A77A4963-DD34-452D-9295-782141A6FC0B}.Release|Any CPU.Build.0 = Release|Any CPU
		{A30464FA-9F73-48B0-9F8F-564089B81F04}.Debug|Any CPU.ActiveCfg = Debug|Any CPU
		{A30464FA-9F73-48B0-9F8F-564089B81F04}.Debug|Any CPU.Build.0 = Debug|Any CPU
		{A30464FA-9F73-48B0-9F8F-564089B81F04}.Release|Any CPU.ActiveCfg = Release|Any CPU
		{A30464FA-9F73-48B0-9F8F-564089B81F04}.Release|Any CPU.Build.0 = Release|Any CPU
		{1EEBB4E6-6254-4918-B5EF-160615B6C6D2}.Debug|Any CPU.ActiveCfg = Debug|Any CPU
		{1EEBB4E6-6254-4918-B5EF-160615B6C6D2}.Debug|Any CPU.Build.0 = Debug|Any CPU
		{1EEBB4E6-6254-4918-B5EF-160615B6C6D2}.Release|Any CPU.ActiveCfg = Release|Any CPU
		{1EEBB4E6-6254-4918-B5EF-160615B6C6D2}.Release|Any CPU.Build.0 = Release|Any CPU
	EndGlobalSection
	GlobalSection(SolutionProperties) = preSolution
		HideSolutionNode = FALSE
	EndGlobalSection
	GlobalSection(NestedProjects) = preSolution
		{4BD8902F-1796-4E93-A7D8-BAF1CA273EB8} = {193E8B42-726B-46B5-B664-EA674FFFC17A}
		{0315C22D-4A32-4D8A-A866-FE91C75C2730} = {4BD8902F-1796-4E93-A7D8-BAF1CA273EB8}
		{1783EF10-DD29-451F-9791-E260D54976BF} = {193E8B42-726B-46B5-B664-EA674FFFC17A}
		{4E40AB65-B51B-4454-8B2C-47DF17CA7568} = {1783EF10-DD29-451F-9791-E260D54976BF}
		{D4C810EE-13C3-458A-AFAB-648FDAAF8A9B} = {193E8B42-726B-46B5-B664-EA674FFFC17A}
		{BD8F296F-AB00-4436-980A-556270EDB807} = {193E8B42-726B-46B5-B664-EA674FFFC17A}
		{24F9AEE7-90D7-45F1-9485-352601F3172B} = {BD8F296F-AB00-4436-980A-556270EDB807}
		{4025FDB1-1F29-43AC-BE13-81F42D020731} = {D4C810EE-13C3-458A-AFAB-648FDAAF8A9B}
		{75989232-4E39-43D8-8D70-9A596264051C} = {D4C810EE-13C3-458A-AFAB-648FDAAF8A9B}
		{CC49128D-623C-4FE1-893C-EDA0A9F64274} = {1783EF10-DD29-451F-9791-E260D54976BF}
		{A77A4963-DD34-452D-9295-782141A6FC0B} = {CFC60ABA-7084-49F1-8B3D-34478A7AB5E5}
		{A30464FA-9F73-48B0-9F8F-564089B81F04} = {CFC60ABA-7084-49F1-8B3D-34478A7AB5E5}
		{1EEBB4E6-6254-4918-B5EF-160615B6C6D2} = {CFC60ABA-7084-49F1-8B3D-34478A7AB5E5}
	EndGlobalSection
	GlobalSection(ExtensibilityGlobals) = postSolution
		SolutionGuid = {AC4FC7FE-AC5C-41CD-BD81-50DF2A41A9BC}
	EndGlobalSection
EndGlobal
